
Microsoft Visual Studio Solution File, Format Version 12.00
# Visual Studio Version 16
VisualStudioVersion = 16.0.30114.105
MinimumVisualStudioVersion = 10.0.40219.1
Project("{FAE04EC0-301F-11D3-BF4B-00C04F79EFBC}") = "Inventory.Test.AccepTance", "Inventory.Test.AccepTance\Inventory.Test.AccepTance.csproj", "{F906257B-042F-4A26-B971-4715383EB22A}"
EndProject
Project("{FAE04EC0-301F-11D3-BF4B-00C04F79EFBC}") = "Inventory.Domain.Test.Unit", "Inventory.Domain.Test.Unit\Inventory.Domain.Test.Unit.csproj", "{B78409BF-BF77-492B-8A7C-B4E586F76BE2}"
EndProject
Project("{FAE04EC0-301F-11D3-BF4B-00C04F79EFBC}") = "Inventory.Domain", "Inventory.Domain\Inventory.Domain.csproj", "{8E222B8B-BCEF-49D4-9CBF-1977140923A6}"
EndProject
Project("{FAE04EC0-301F-11D3-BF4B-00C04F79EFBC}") = "Inventory.Infra.Test.Integration", "Inventory.Infra.Test.Integration\Inventory.Infra.Test.Integration.csproj", "{522C0690-A281-4B4A-AE94-22450C32E124}"
EndProject
Project("{FAE04EC0-301F-11D3-BF4B-00C04F79EFBC}") = "Invnetory.Application", "Invnetory.Application\Invnetory.Application.csproj", "{C4AA991C-9181-4432-BA59-0E640017AB65}"
EndProject
Project("{FAE04EC0-301F-11D3-BF4B-00C04F79EFBC}") = "Inventory.Application.Contract", "Inventory.Application.Contract\Inventory.Application.Contract.csproj", "{39BDC6AB-3F29-479E-9BE5-C448DF936EA4}"
EndProject
Project("{FAE04EC0-301F-11D3-BF4B-00C04F79EFBC}") = "Inventory.Infra", "Inventory.Infra\Inventory.Infra.csproj", "{BD15AEAE-7B0F-492B-B9BA-7FBF9D863149}"
EndProject
Project("{FAE04EC0-301F-11D3-BF4B-00C04F79EFBC}") = "Inventory.Presentation", "Inventory.Presentation\Inventory.Presentation.csproj", "{057158C2-0B1C-4EC5-9C65-901E76F4F877}"
EndProject
Project("{FAE04EC0-301F-11D3-BF4B-00C04F79EFBC}") = "Inventory.Infra.Model", "Inventory.Infra.Model\Inventory.Infra.Model.csproj", "{683234ED-344E-4347-B399-831233EF892B}"
EndProject
Project("{FAE04EC0-301F-11D3-BF4B-00C04F79EFBC}") = "Inventory.Application.Test.Unit", "Inventory.Application.Test.Unit\Inventory.Application.Test.Unit.csproj", "{200A8FD1-EE6E-4DEE-A693-D7F5DD511455}"
EndProject
Project("{FAE04EC0-301F-11D3-BF4B-00C04F79EFBC}") = "Inventory.Presentation.Unit", "Inventory.Presentation.Unit\Inventory.Presentation.Unit.csproj", "{CF90E6B9-95BF-4048-B6D8-DCB0C3AD46A8}"
EndProject
Project("{FAE04EC0-301F-11D3-BF4B-00C04F79EFBC}") = "Inventory.Presentation.Test.Integration", "Inventory.Presentation.Test.Integration\Inventory.Presentation.Test.Integration.csproj", "{07999680-73F8-4322-A9B2-E5959F1CF306}"
EndProject
Global
	GlobalSection(SolutionConfigurationPlatforms) = preSolution
		Debug|Any CPU = Debug|Any CPU
		Release|Any CPU = Release|Any CPU
	EndGlobalSection
	GlobalSection(SolutionProperties) = preSolution
		HideSolutionNode = FALSE
	EndGlobalSection
	GlobalSection(ProjectConfigurationPlatforms) = postSolution
		{F906257B-042F-4A26-B971-4715383EB22A}.Debug|Any CPU.ActiveCfg = Debug|Any CPU
		{F906257B-042F-4A26-B971-4715383EB22A}.Debug|Any CPU.Build.0 = Debug|Any CPU
		{F906257B-042F-4A26-B971-4715383EB22A}.Release|Any CPU.ActiveCfg = Release|Any CPU
		{F906257B-042F-4A26-B971-4715383EB22A}.Release|Any CPU.Build.0 = Release|Any CPU
		{B78409BF-BF77-492B-8A7C-B4E586F76BE2}.Debug|Any CPU.ActiveCfg = Debug|Any CPU
		{B78409BF-BF77-492B-8A7C-B4E586F76BE2}.Debug|Any CPU.Build.0 = Debug|Any CPU
		{B78409BF-BF77-492B-8A7C-B4E586F76BE2}.Release|Any CPU.ActiveCfg = Release|Any CPU
		{B78409BF-BF77-492B-8A7C-B4E586F76BE2}.Release|Any CPU.Build.0 = Release|Any CPU
		{8E222B8B-BCEF-49D4-9CBF-1977140923A6}.Debug|Any CPU.ActiveCfg = Debug|Any CPU
		{8E222B8B-BCEF-49D4-9CBF-1977140923A6}.Debug|Any CPU.Build.0 = Debug|Any CPU
		{8E222B8B-BCEF-49D4-9CBF-1977140923A6}.Release|Any CPU.ActiveCfg = Release|Any CPU
		{8E222B8B-BCEF-49D4-9CBF-1977140923A6}.Release|Any CPU.Build.0 = Release|Any CPU
		{522C0690-A281-4B4A-AE94-22450C32E124}.Debug|Any CPU.ActiveCfg = Debug|Any CPU
		{522C0690-A281-4B4A-AE94-22450C32E124}.Debug|Any CPU.Build.0 = Debug|Any CPU
		{522C0690-A281-4B4A-AE94-22450C32E124}.Release|Any CPU.ActiveCfg = Release|Any CPU
		{522C0690-A281-4B4A-AE94-22450C32E124}.Release|Any CPU.Build.0 = Release|Any CPU
		{C4AA991C-9181-4432-BA59-0E640017AB65}.Debug|Any CPU.ActiveCfg = Debug|Any CPU
		{C4AA991C-9181-4432-BA59-0E640017AB65}.Debug|Any CPU.Build.0 = Debug|Any CPU
		{C4AA991C-9181-4432-BA59-0E640017AB65}.Release|Any CPU.ActiveCfg = Release|Any CPU
		{C4AA991C-9181-4432-BA59-0E640017AB65}.Release|Any CPU.Build.0 = Release|Any CPU
		{39BDC6AB-3F29-479E-9BE5-C448DF936EA4}.Debug|Any CPU.ActiveCfg = Debug|Any CPU
		{39BDC6AB-3F29-479E-9BE5-C448DF936EA4}.Debug|Any CPU.Build.0 = Debug|Any CPU
		{39BDC6AB-3F29-479E-9BE5-C448DF936EA4}.Release|Any CPU.ActiveCfg = Release|Any CPU
		{39BDC6AB-3F29-479E-9BE5-C448DF936EA4}.Release|Any CPU.Build.0 = Release|Any CPU
		{BD15AEAE-7B0F-492B-B9BA-7FBF9D863149}.Debug|Any CPU.ActiveCfg = Debug|Any CPU
		{BD15AEAE-7B0F-492B-B9BA-7FBF9D863149}.Debug|Any CPU.Build.0 = Debug|Any CPU
		{BD15AEAE-7B0F-492B-B9BA-7FBF9D863149}.Release|Any CPU.ActiveCfg = Release|Any CPU
		{BD15AEAE-7B0F-492B-B9BA-7FBF9D863149}.Release|Any CPU.Build.0 = Release|Any CPU
		{057158C2-0B1C-4EC5-9C65-901E76F4F877}.Debug|Any CPU.ActiveCfg = Debug|Any CPU
		{057158C2-0B1C-4EC5-9C65-901E76F4F877}.Debug|Any CPU.Build.0 = Debug|Any CPU
		{057158C2-0B1C-4EC5-9C65-901E76F4F877}.Release|Any CPU.ActiveCfg = Release|Any CPU
		{057158C2-0B1C-4EC5-9C65-901E76F4F877}.Release|Any CPU.Build.0 = Release|Any CPU
		{683234ED-344E-4347-B399-831233EF892B}.Debug|Any CPU.ActiveCfg = Debug|Any CPU
		{683234ED-344E-4347-B399-831233EF892B}.Debug|Any CPU.Build.0 = Debug|Any CPU
		{683234ED-344E-4347-B399-831233EF892B}.Release|Any CPU.ActiveCfg = Release|Any CPU
		{683234ED-344E-4347-B399-831233EF892B}.Release|Any CPU.Build.0 = Release|Any CPU
		{200A8FD1-EE6E-4DEE-A693-D7F5DD511455}.Debug|Any CPU.ActiveCfg = Debug|Any CPU
		{200A8FD1-EE6E-4DEE-A693-D7F5DD511455}.Debug|Any CPU.Build.0 = Debug|Any CPU
		{200A8FD1-EE6E-4DEE-A693-D7F5DD511455}.Release|Any CPU.ActiveCfg = Release|Any CPU
		{200A8FD1-EE6E-4DEE-A693-D7F5DD511455}.Release|Any CPU.Build.0 = Release|Any CPU
		{CF90E6B9-95BF-4048-B6D8-DCB0C3AD46A8}.Debug|Any CPU.ActiveCfg = Debug|Any CPU
		{CF90E6B9-95BF-4048-B6D8-DCB0C3AD46A8}.Debug|Any CPU.Build.0 = Debug|Any CPU
		{CF90E6B9-95BF-4048-B6D8-DCB0C3AD46A8}.Release|Any CPU.ActiveCfg = Release|Any CPU
		{CF90E6B9-95BF-4048-B6D8-DCB0C3AD46A8}.Release|Any CPU.Build.0 = Release|Any CPU
		{07999680-73F8-4322-A9B2-E5959F1CF306}.Debug|Any CPU.ActiveCfg = Debug|Any CPU
		{07999680-73F8-4322-A9B2-E5959F1CF306}.Debug|Any CPU.Build.0 = Debug|Any CPU
		{07999680-73F8-4322-A9B2-E5959F1CF306}.Release|Any CPU.ActiveCfg = Release|Any CPU
		{07999680-73F8-4322-A9B2-E5959F1CF306}.Release|Any CPU.Build.0 = Release|Any CPU
	EndGlobalSection
EndGlobal
